// !$*UTF8*$!
{
	archiveVersion = 1;
	classes = {
	};
	objectVersion = 77;
	objects = {

/* Begin PBXBuildFile section */
		9B44DB102F1FAF4700F7AC27 /* WidgetKit.framework in Frameworks */ = {isa = PBXBuildFile; fileRef = 9B44DB0F2F1FAF4700F7AC27 /* WidgetKit.framework */; };
		9B44DB122F1FAF4700F7AC27 /* SwiftUI.framework in Frameworks */ = {isa = PBXBuildFile; fileRef = 9B44DB112F1FAF4700F7AC27 /* SwiftUI.framework */; };
		9B44DB212F1FAF4900F7AC27 /* LocalBusWidgetExtension.appex in Embed Foundation Extensions */ = {isa = PBXBuildFile; fileRef = 9B44DB0D2F1FAF4700F7AC27 /* LocalBusWidgetExtension.appex */; settings = {ATTRIBUTES = (RemoveHeadersOnCopy, ); }; };
/* End PBXBuildFile section */

/* Begin PBXContainerItemProxy section */
		9B44DB1F2F1FAF4900F7AC27 /* PBXContainerItemProxy */ = {
			isa = PBXContainerItemProxy;
			containerPortal = 9B8605652F125AD00021EC15 /* Project object */;
			proxyType = 1;
			remoteGlobalIDString = 9B44DB0C2F1FAF4700F7AC27;
			remoteInfo = LocalBusWidgetExtension;
		};
		9B6B77482F171CDC00F06192 /* PBXContainerItemProxy */ = {
			isa = PBXContainerItemProxy;
			containerPortal = 9B8605652F125AD00021EC15 /* Project object */;
			proxyType = 1;
			remoteGlobalIDString = 9B86056C2F125AD00021EC15;
			remoteInfo = LocalBusApp;
		};
		9BC0DE502F20010000000001 /* PBXContainerItemProxy */ = {
			isa = PBXContainerItemProxy;
			containerPortal = 9B8605652F125AD00021EC15 /* Project object */;
			proxyType = 1;
			remoteGlobalIDString = 9B86056C2F125AD00021EC15;
			remoteInfo = LocalBusApp;
		};
/* End PBXContainerItemProxy section */

/* Begin PBXCopyFilesBuildPhase section */
		9B44DB262F1FAF4900F7AC27 /* Embed Foundation Extensions */ = {
			isa = PBXCopyFilesBuildPhase;
			buildActionMask = 2147483647;
			dstPath = "";
			dstSubfolderSpec = 13;
			files = (
				9B44DB212F1FAF4900F7AC27 /* LocalBusWidgetExtension.appex in Embed Foundation Extensions */,
			);
			name = "Embed Foundation Extensions";
			runOnlyForDeploymentPostprocessing = 0;
		};
/* End PBXCopyFilesBuildPhase section */

/* Begin PBXFileReference section */
		9B44DB0D2F1FAF4700F7AC27 /* LocalBusWidgetExtension.appex */ = {isa = PBXFileReference; explicitFileType = "wrapper.app-extension"; includeInIndex = 0; path = LocalBusWidgetExtension.appex; sourceTree = BUILT_PRODUCTS_DIR; };
		9B44DB0F2F1FAF4700F7AC27 /* WidgetKit.framework */ = {isa = PBXFileReference; lastKnownFileType = wrapper.framework; name = WidgetKit.framework; path = System/Library/Frameworks/WidgetKit.framework; sourceTree = SDKROOT; };
		9B44DB112F1FAF4700F7AC27 /* SwiftUI.framework */ = {isa = PBXFileReference; lastKnownFileType = wrapper.framework; name = SwiftUI.framework; path = System/Library/Frameworks/SwiftUI.framework; sourceTree = SDKROOT; };
		9B6B77442F171CDC00F06192 /* LocalBusAppTests.xctest */ = {isa = PBXFileReference; explicitFileType = wrapper.cfbundle; includeInIndex = 0; path = LocalBusAppTests.xctest; sourceTree = BUILT_PRODUCTS_DIR; };
		9B86056D2F125AD00021EC15 /* LocalBusApp.app */ = {isa = PBXFileReference; explicitFileType = wrapper.application; includeInIndex = 0; path = LocalBusApp.app; sourceTree = BUILT_PRODUCTS_DIR; };
		9BC0DE512F20010000000002 /* LocalBusAppUITests.xctest */ = {isa = PBXFileReference; explicitFileType = wrapper.cfbundle; includeInIndex = 0; path = LocalBusAppUITests.xctest; sourceTree = BUILT_PRODUCTS_DIR; };
/* End PBXFileReference section */

/* Begin PBXFileSystemSynchronizedBuildFileExceptionSet section */
		9B44DB222F1FAF4900F7AC27 /* Exceptions for "LocalBusWidget" folder in "LocalBusWidgetExtension" target */ = {
			isa = PBXFileSystemSynchronizedBuildFileExceptionSet;
			membershipExceptions = (
				Info.plist,
			);
			target = 9B44DB0C2F1FAF4700F7AC27 /* LocalBusWidgetExtension */;
		};
		9B44DB282F1FB0A300F7AC27 /* Exceptions for "LocalBusApp" folder in "LocalBusWidgetExtension" target */ = {
			isa = PBXFileSystemSynchronizedBuildFileExceptionSet;
			membershipExceptions = (
				Resources/timetable.json,
			);
			target = 9B44DB0C2F1FAF4700F7AC27 /* LocalBusWidgetExtension */;
		};
/* End PBXFileSystemSynchronizedBuildFileExceptionSet section */

/* Begin PBXFileSystemSynchronizedRootGroup section */
		9B44DB132F1FAF4700F7AC27 /* LocalBusWidget */ = {
			isa = PBXFileSystemSynchronizedRootGroup;
			exceptions = (
				9B44DB222F1FAF4900F7AC27 /* Exceptions for "LocalBusWidget" folder in "LocalBusWidgetExtension" target */,
			);
			path = LocalBusWidget;
			sourceTree = "<group>";
		};
		9B6B77452F171CDC00F06192 /* LocalBusAppTests */ = {
			isa = PBXFileSystemSynchronizedRootGroup;
			path = LocalBusAppTests;
			sourceTree = "<group>";
		};
		9B86056F2F125AD00021EC15 /* LocalBusApp */ = {
			isa = PBXFileSystemSynchronizedRootGroup;
			exceptions = (
				9B44DB282F1FB0A300F7AC27 /* Exceptions for "LocalBusApp" folder in "LocalBusWidgetExtension" target */,
			);
			path = LocalBusApp;
			sourceTree = "<group>";
		};
		9BC0DE522F20010000000003 /* LocalBusAppUITests */ = {
			isa = PBXFileSystemSynchronizedRootGroup;
			path = LocalBusAppUITests;
			sourceTree = "<group>";
		};
/* End PBXFileSystemSynchronizedRootGroup section */

/* Begin PBXFrameworksBuildPhase section */
		9B44DB0A2F1FAF4700F7AC27 /* Frameworks */ = {
			isa = PBXFrameworksBuildPhase;
			buildActionMask = 2147483647;
			files = (
				9B44DB122F1FAF4700F7AC27 /* SwiftUI.framework in Frameworks */,
				9B44DB102F1FAF4700F7AC27 /* WidgetKit.framework in Frameworks */,
			);
			runOnlyForDeploymentPostprocessing = 0;
		};
		9B6B77412F171CDC00F06192 /* Frameworks */ = {
			isa = PBXFrameworksBuildPhase;
			buildActionMask = 2147483647;
			files = (
			);
			runOnlyForDeploymentPostprocessing = 0;
		};
		9B86056A2F125AD00021EC15 /* Frameworks */ = {
			isa = PBXFrameworksBuildPhase;
			buildActionMask = 2147483647;
			files = (
			);
			runOnlyForDeploymentPostprocessing = 0;
		};
		9BC0DE532F20010000000004 /* Frameworks */ = {
			isa = PBXFrameworksBuildPhase;
			buildActionMask = 2147483647;
			files = (
			);
			runOnlyForDeploymentPostprocessing = 0;
		};
/* End PBXFrameworksBuildPhase section */

/* Begin PBXGroup section */
		9B44DB0E2F1FAF4700F7AC27 /* Frameworks */ = {
			isa = PBXGroup;
			children = (
				9B44DB0F2F1FAF4700F7AC27 /* WidgetKit.framework */,
				9B44DB112F1FAF4700F7AC27 /* SwiftUI.framework */,
			);
			name = Frameworks;
			sourceTree = "<group>";
		};
		9B8605642F125AD00021EC15 = {
			isa = PBXGroup;
			children = (
				9B86056F2F125AD00021EC15 /* LocalBusApp */,
				9B6B77452F171CDC00F06192 /* LocalBusAppTests */,
				9BC0DE522F20010000000003 /* LocalBusAppUITests */,
				9B44DB132F1FAF4700F7AC27 /* LocalBusWidget */,
				9B44DB0E2F1FAF4700F7AC27 /* Frameworks */,
				9B86056E2F125AD00021EC15 /* Products */,
			);
			sourceTree = "<group>";
		};
		9B86056E2F125AD00021EC15 /* Products */ = {
			isa = PBXGroup;
			children = (
				9B86056D2F125AD00021EC15 /* LocalBusApp.app */,
				9B6B77442F171CDC00F06192 /* LocalBusAppTests.xctest */,
				9BC0DE512F20010000000002 /* LocalBusAppUITests.xctest */,
				9B44DB0D2F1FAF4700F7AC27 /* LocalBusWidgetExtension.appex */,
			);
			name = Products;
			sourceTree = "<group>";
		};
/* End PBXGroup section */

/* Begin PBXNativeTarget section */
		9B44DB0C2F1FAF4700F7AC27 /* LocalBusWidgetExtension */ = {
			isa = PBXNativeTarget;
			buildConfigurationList = 9B44DB232F1FAF4900F7AC27 /* Build configuration list for PBXNativeTarget "LocalBusWidgetExtension" */;
			buildPhases = (
				9B44DB092F1FAF4700F7AC27 /* Sources */,
				9B44DB0A2F1FAF4700F7AC27 /* Frameworks */,
				9B44DB0B2F1FAF4700F7AC27 /* Resources */,
			);
			buildRules = (
			);
			dependencies = (
			);
			fileSystemSynchronizedGroups = (
				9B44DB132F1FAF4700F7AC27 /* LocalBusWidget */,
			);
			name = LocalBusWidgetExtension;
			packageProductDependencies = (
			);
			productName = LocalBusWidgetExtension;
			productReference = 9B44DB0D2F1FAF4700F7AC27 /* LocalBusWidgetExtension.appex */;
			productType = "com.apple.product-type.app-extension";
		};
		9B6B77432F171CDC00F06192 /* LocalBusAppTests */ = {
			isa = PBXNativeTarget;
			buildConfigurationList = 9B6B774A2F171CDD00F06192 /* Build configuration list for PBXNativeTarget "LocalBusAppTests" */;
			buildPhases = (
				9B6B77402F171CDC00F06192 /* Sources */,
				9B6B77412F171CDC00F06192 /* Frameworks */,
				9B6B77422F171CDC00F06192 /* Resources */,
			);
			buildRules = (
			);
			dependencies = (
				9B6B77492F171CDC00F06192 /* PBXTargetDependency */,
			);
			fileSystemSynchronizedGroups = (
				9B6B77452F171CDC00F06192 /* LocalBusAppTests */,
			);
			name = LocalBusAppTests;
			packageProductDependencies = (
			);
			productName = LocalBusAppTests;
			productReference = 9B6B77442F171CDC00F06192 /* LocalBusAppTests.xctest */;
			productType = "com.apple.product-type.bundle.unit-test";
		};
		9B86056C2F125AD00021EC15 /* LocalBusApp */ = {
			isa = PBXNativeTarget;
			buildConfigurationList = 9B8605782F125AD20021EC15 /* Build configuration list for PBXNativeTarget "LocalBusApp" */;
			buildPhases = (
				9B8605692F125AD00021EC15 /* Sources */,
				9B86056A2F125AD00021EC15 /* Frameworks */,
				9B86056B2F125AD00021EC15 /* Resources */,
				9B44DB262F1FAF4900F7AC27 /* Embed Foundation Extensions */,
			);
			buildRules = (
			);
			dependencies = (
				9B44DB202F1FAF4900F7AC27 /* PBXTargetDependency */,
			);
			fileSystemSynchronizedGroups = (
				9B86056F2F125AD00021EC15 /* LocalBusApp */,
			);
			name = LocalBusApp;
			packageProductDependencies = (
			);
			productName = LocalBusApp;
			productReference = 9B86056D2F125AD00021EC15 /* LocalBusApp.app */;
			productType = "com.apple.product-type.application";
		};
		9BC0DE542F20010000000005 /* LocalBusAppUITests */ = {
			isa = PBXNativeTarget;
			buildConfigurationList = 9BC0DE5A2F20010000000009 /* Build configuration list for PBXNativeTarget "LocalBusAppUITests" */;
			buildPhases = (
				9BC0DE552F20010000000006 /* Sources */,
				9BC0DE532F20010000000004 /* Frameworks */,
				9BC0DE562F20010000000007 /* Resources */,
			);
			buildRules = (
			);
			dependencies = (
				9BC0DE572F20010000000008 /* PBXTargetDependency */,
			);
			fileSystemSynchronizedGroups = (
				9BC0DE522F20010000000003 /* LocalBusAppUITests */,
			);
			name = LocalBusAppUITests;
			packageProductDependencies = (
			);
			productName = LocalBusAppUITests;
			productReference = 9BC0DE512F20010000000002 /* LocalBusAppUITests.xctest */;
			productType = "com.apple.product-type.bundle.ui-testing";
		};
/* End PBXNativeTarget section */

/* Begin PBXProject section */
		9B8605652F125AD00021EC15 /* Project object */ = {
			isa = PBXProject;
			attributes = {
				BuildIndependentTargetsInParallel = 1;
				LastSwiftUpdateCheck = 1640;
				LastUpgradeCheck = 1640;
				TargetAttributes = {
					9B44DB0C2F1FAF4700F7AC27 = {
						CreatedOnToolsVersion = 16.4;
					};
					9B6B77432F171CDC00F06192 = {
						CreatedOnToolsVersion = 16.4;
						TestTargetID = 9B86056C2F125AD00021EC15;
					};
					9B86056C2F125AD00021EC15 = {
						CreatedOnToolsVersion = 16.4;
					};
					9BC0DE542F20010000000005 = {
						CreatedOnToolsVersion = 16.4;
						TestTargetID = 9B86056C2F125AD00021EC15;
					};
				};
			};
			buildConfigurationList = 9B8605682F125AD00021EC15 /* Build configuration list for PBXProject "LocalBusApp" */;
			developmentRegion = en;
			hasScannedForEncodings = 0;
			knownRegions = (
				en,
				Base,
			);
			mainGroup = 9B8605642F125AD00021EC15;
			minimizedProjectReferenceProxies = 1;
			preferredProjectObjectVersion = 77;
			productRefGroup = 9B86056E2F125AD00021EC15 /* Products */;
			projectDirPath = "";
			projectRoot = "";
			targets = (
				9B86056C2F125AD00021EC15 /* LocalBusApp */,
				9B6B77432F171CDC00F06192 /* LocalBusAppTests */,
				9BC0DE542F20010000000005 /* LocalBusAppUITests */,
				9B44DB0C2F1FAF4700F7AC27 /* LocalBusWidgetExtension */,
			);
		};
/* End PBXProject section */

/* Begin PBXResourcesBuildPhase section */
		9B44DB0B2F1FAF4700F7AC27 /* Resources */ = {
			isa = PBXResourcesBuildPhase;
			buildActionMask = 2147483647;
			files = (
			);
			runOnlyForDeploymentPostprocessing = 0;
		};
		9B6B77422F171CDC00F06192 /* Resources */ = {
			isa = PBXResourcesBuildPhase;
			buildActionMask = 2147483647;
			files = (
			);
			runOnlyForDeploymentPostprocessing = 0;
		};
		9B86056B2F125AD00021EC15 /* Resources */ = {
			isa = PBXResourcesBuildPhase;
			buildActionMask = 2147483647;
			files = (
			);
			runOnlyForDeploymentPostprocessing = 0;
		};
		9BC0DE562F20010000000007 /* Resources */ = {
			isa = PBXResourcesBuildPhase;
			buildActionMask = 2147483647;
			files = (
			);
			runOnlyForDeploymentPostprocessing = 0;
		};
/* End PBXResourcesBuildPhase section */

/* Begin PBXSourcesBuildPhase section */
		9B44DB092F1FAF4700F7AC27 /* Sources */ = {
			isa = PBXSourcesBuildPhase;
			buildActionMask = 2147483647;
			files = (
			);
			runOnlyForDeploymentPostprocessing = 0;
		};
		9B6B77402F171CDC00F06192 /* Sources */ = {
			isa = PBXSourcesBuildPhase;
			buildActionMask = 2147483647;
			files = (
			);
			runOnlyForDeploymentPostprocessing = 0;
		};
		9B8605692F125AD00021EC15 /* Sources */ = {
			isa = PBXSourcesBuildPhase;
			buildActionMask = 2147483647;
			files = (
			);
			runOnlyForDeploymentPostprocessing = 0;
		};
		9BC0DE552F20010000000006 /* Sources */ = {
			isa = PBXSourcesBuildPhase;
			buildActionMask = 2147483647;
			files = (
			);
			runOnlyForDeploymentPostprocessing = 0;
		};
/* End PBXSourcesBuildPhase section */

/* Begin PBXTargetDependency section */
		9B44DB202F1FAF4900F7AC27 /* PBXTargetDependency */ = {
			isa = PBXTargetDependency;
			target = 9B44DB0C2F1FAF4700F7AC27 /* LocalBusWidgetExtension */;
			targetProxy = 9B44DB1F2F1FAF4900F7AC27 /* PBXContainerItemProxy */;
		};
		9B6B77492F171CDC00F06192 /* PBXTargetDependency */ = {
			isa = PBXTargetDependency;
			target = 9B86056C2F125AD00021EC15 /* LocalBusApp */;
			targetProxy = 9B6B77482F171CDC00F06192 /* PBXContainerItemProxy */;
		};
		9BC0DE572F20010000000008 /* PBXTargetDependency */ = {
			isa = PBXTargetDependency;
			target = 9B86056C2F125AD00021EC15 /* LocalBusApp */;
			targetProxy = 9BC0DE502F20010000000001 /* PBXContainerItemProxy */;
		};
/* End PBXTargetDependency section */

/* Begin XCBuildConfiguration section */
		9B44DB242F1FAF4900F7AC27 /* Debug */ = {
			isa = XCBuildConfiguration;
			buildSettings = {
				ASSETCATALOG_COMPILER_GLOBAL_ACCENT_COLOR_NAME = AccentColor;
				ASSETCATALOG_COMPILER_WIDGET_BACKGROUND_COLOR_NAME = WidgetBackground;
				CODE_SIGN_STYLE = Automatic;
				CURRENT_PROJECT_VERSION = 1;
				DEVELOPMENT_TEAM = AMNS6W2AA9;
				GENERATE_INFOPLIST_FILE = YES;
				INFOPLIST_FILE = LocalBusWidget/Info.plist;
				INFOPLIST_KEY_CFBundleDisplayName = LocalBusWidget;
				INFOPLIST_KEY_NSHumanReadableCopyright = "";
				IPHONEOS_DEPLOYMENT_TARGET = 18.5;
				LD_RUNPATH_SEARCH_PATHS = (
					"$(inherited)",
					"@executable_path/Frameworks",
					"@executable_path/../../Frameworks",
				);
				MARKETING_VERSION = 1.0;
				PRODUCT_BUNDLE_IDENTIFIER = kr.co.lee.LocalBusApp.LocalBusWidget;
				PRODUCT_NAME = "$(TARGET_NAME)";
				SKIP_INSTALL = YES;
				SWIFT_EMIT_LOC_STRINGS = YES;
				SWIFT_VERSION = 5.0;
				TARGETED_DEVICE_FAMILY = "1,2";
			};
			name = Debug;
		};
		9B44DB252F1FAF4900F7AC27 /* Release */ = {
			isa = XCBuildConfiguration;
			buildSettings = {
				ASSETCATALOG_COMPILER_GLOBAL_ACCENT_COLOR_NAME = AccentColor;
				ASSETCATALOG_COMPILER_WIDGET_BACKGROUND_COLOR_NAME = WidgetBackground;
				CODE_SIGN_STYLE = Automatic;
				CURRENT_PROJECT_VERSION = 1;
				DEVELOPMENT_TEAM = AMNS6W2AA9;
				GENERATE_INFOPLIST_FILE = YES;
				INFOPLIST_FILE = LocalBusWidget/Info.plist;
				INFOPLIST_KEY_CFBundleDisplayName = LocalBusWidget;
				INFOPLIST_KEY_NSHumanReadableCopyright = "";
				IPHONEOS_DEPLOYMENT_TARGET = 18.5;
				LD_RUNPATH_SEARCH_PATHS = (
					"$(inherited)",
					"@executable_path/Frameworks",
					"@executable_path/../../Frameworks",
				);
				MARKETING_VERSION = 1.0;
				PRODUCT_BUNDLE_IDENTIFIER = kr.co.lee.LocalBusApp.LocalBusWidget;
				PRODUCT_NAME = "$(TARGET_NAME)";
				SKIP_INSTALL = YES;
				SWIFT_EMIT_LOC_STRINGS = YES;
				SWIFT_VERSION = 5.0;
				TARGETED_DEVICE_FAMILY = "1,2";
			};
			name = Release;
		};
		9B6B774B2F171CDD00F06192 /* Debug */ = {
			isa = XCBuildConfiguration;
			buildSettings = {
				BUNDLE_LOADER = "$(TEST_HOST)";
				CODE_SIGN_STYLE = Automatic;
				CURRENT_PROJECT_VERSION = 1;
				DEVELOPMENT_TEAM = AMNS6W2AA9;
				GENERATE_INFOPLIST_FILE = YES;
				IPHONEOS_DEPLOYMENT_TARGET = 18.5;
				MARKETING_VERSION = 1.0;
				PRODUCT_BUNDLE_IDENTIFIER = kr.co.lee.LocalBusAppTests;
				PRODUCT_NAME = "$(TARGET_NAME)";
				SWIFT_EMIT_LOC_STRINGS = NO;
				SWIFT_VERSION = 5.0;
				TARGETED_DEVICE_FAMILY = "1,2";
				TEST_HOST = "$(BUILT_PRODUCTS_DIR)/LocalBusApp.app/$(BUNDLE_EXECUTABLE_FOLDER_PATH)/LocalBusApp";
			};
			name = Debug;
		};
		9B6B774C2F171CDD00F06192 /* Release */ = {
			isa = XCBuildConfiguration;
			buildSettings = {
				BUNDLE_LOADER = "$(TEST_HOST)";
				CODE_SIGN_STYLE = Automatic;
				CURRENT_PROJECT_VERSION = 1;
				DEVELOPMENT_TEAM = AMNS6W2AA9;
				GENERATE_INFOPLIST_FILE = YES;
				IPHONEOS_DEPLOYMENT_TARGET = 18.5;
				MARKETING_VERSION = 1.0;
				PRODUCT_BUNDLE_IDENTIFIER = kr.co.lee.LocalBusAppTests;
				PRODUCT_NAME = "$(TARGET_NAME)";
				SWIFT_EMIT_LOC_STRINGS = NO;
				SWIFT_VERSION = 5.0;
				TARGETED_DEVICE_FAMILY = "1,2";
				TEST_HOST = "$(BUILT_PRODUCTS_DIR)/LocalBusApp.app/$(BUNDLE_EXECUTABLE_FOLDER_PATH)/LocalBusApp";
			};
			name = Release;
		};
		9B8605762F125AD20021EC15 /* Debug */ = {
			isa = XCBuildConfiguration;
			buildSettings = {
				ALWAYS_SEARCH_USER_PATHS = NO;
				ASSETCATALOG_COMPILER_GENERATE_SWIFT_ASSET_SYMBOL_EXTENSIONS = YES;
				CLANG_ANALYZER_NONNULL = YES;
				CLANG_ANALYZER_NUMBER_OBJECT_CONVERSION = YES_AGGRESSIVE;
				CLANG_CXX_LANGUAGE_STANDARD = "gnu++20";
				CLANG_ENABLE_MODULES = YES;
				CLANG_ENABLE_OBJC_ARC = YES;
				CLANG_ENABLE_OBJC_WEAK = YES;
				CLANG_WARN_BLOCK_CAPTURE_AUTORELEASING = YES;
				CLANG_WARN_BOOL_CONVERSION = YES;
				CLANG_WARN_COMMA = YES;
				CLANG_WARN_CONSTANT_CONVERSION = YES;
				CLANG_WARN_DEPRECATED_OBJC_IMPLEMENTATIONS = YES;
				CLANG_WARN_DIRECT_OBJC_ISA_USAGE = YES_ERROR;
				CLANG_WARN_DOCUMENTATION_COMMENTS = YES;
				CLANG_WARN_EMPTY_BODY = YES;
				CLANG_WARN_ENUM_CONVERSION = YES;
				CLANG_WARN_INFINITE_RECURSION = YES;
				CLANG_WARN_INT_CONVERSION = YES;
				CLANG_WARN_NON_LITERAL_NULL_CONVERSION = YES;
				CLANG_WARN_OBJC_IMPLICIT_RETAIN_SELF = YES;
				CLANG_WARN_OBJC_LITERAL_CONVERSION = YES;
				CLANG_WARN_OBJC_ROOT_CLASS = YES_ERROR;
				CLANG_WARN_QUOTED_INCLUDE_IN_FRAMEWORK_HEADER = YES;
				CLANG_WARN_RANGE_LOOP_ANALYSIS = YES;
				CLANG_WARN_STRICT_PROTOTYPES = YES;
				CLANG_WARN_SUSPICIOUS_MOVE = YES;
				CLANG_WARN_UNGUARDED_AVAILABILITY = YES_AGGRESSIVE;
				CLANG_WARN_UNREACHABLE_CODE = YES;
				CLANG_WARN__DUPLICATE_METHOD_MATCH = YES;
				COPY_PHASE_STRIP = NO;
				DEBUG_INFORMATION_FORMAT = dwarf;
				DEVELOPMENT_TEAM = AMNS6W2AA9;
				ENABLE_STRICT_OBJC_MSGSEND = YES;
				ENABLE_TESTABILITY = YES;
				ENABLE_USER_SCRIPT_SANDBOXING = YES;
				GCC_C_LANGUAGE_STANDARD = gnu17;
				GCC_DYNAMIC_NO_PIC = NO;
				GCC_NO_COMMON_BLOCKS = YES;
				GCC_OPTIMIZATION_LEVEL = 0;
				GCC_PREPROCESSOR_DEFINITIONS = (
					"DEBUG=1",
					"$(inherited)",
				);
				GCC_WARN_64_TO_32_BIT_CONVERSION = YES;
				GCC_WARN_ABOUT_RETURN_TYPE = YES_ERROR;
				GCC_WARN_UNDECLARED_SELECTOR = YES;
				GCC_WARN_UNINITIALIZED_AUTOS = YES_AGGRESSIVE;
				GCC_WARN_UNUSED_FUNCTION = YES;
				GCC_WARN_UNUSED_VARIABLE = YES;
				IPHONEOS_DEPLOYMENT_TARGET = 16.0;
				LOCALIZATION_PREFERS_STRING_CATALOGS = YES;
				MTL_ENABLE_DEBUG_INFO = INCLUDE_SOURCE;
				MTL_FAST_MATH = YES;
				ONLY_ACTIVE_ARCH = YES;
				SDKROOT = iphoneos;
				SWIFT_ACTIVE_COMPILATION_CONDITIONS = "DEBUG $(inherited)";
				SWIFT_OPTIMIZATION_LEVEL = "-Onone";
			};
			name = Debug;
		};
		9B8605772F125AD20021EC15 /* Release */ = {
			isa = XCBuildConfiguration;
			buildSettings = {
				ALWAYS_SEARCH_USER_PATHS = NO;
				ASSETCATALOG_COMPILER_GENERATE_SWIFT_ASSET_SYMBOL_EXTENSIONS = YES;
				CLANG_ANALYZER_NONNULL = YES;
				CLANG_ANALYZER_NUMBER_OBJECT_CONVERSION = YES_AGGRESSIVE;
				CLANG_CXX_LANGUAGE_STANDARD = "gnu++20";
				CLANG_ENABLE_MODULES = YES;
				CLANG_ENABLE_OBJC_ARC = YES;
				CLANG_ENABLE_OBJC_WEAK = YES;
				CLANG_WARN_BLOCK_CAPTURE_AUTORELEASING = YES;
				CLANG_WARN_BOOL_CONVERSION = YES;
				CLANG_WARN_COMMA = YES;
				CLANG_WARN_CONSTANT_CONVERSION = YES;
				CLANG_WARN_DEPRECATED_OBJC_IMPLEMENTATIONS = YES;
				CLANG_WARN_DIRECT_OBJC_ISA_USAGE = YES_ERROR;
				CLANG_WARN_DOCUMENTATION_COMMENTS = YES;
				CLANG_WARN_EMPTY_BODY = YES;
				CLANG_WARN_ENUM_CONVERSION = YES;
				CLANG_WARN_INFINITE_RECURSION = YES;
				CLANG_WARN_INT_CONVERSION = YES;
				CLANG_WARN_NON_LITERAL_NULL_CONVERSION = YES;
				CLANG_WARN_OBJC_IMPLICIT_RETAIN_SELF = YES;
				CLANG_WARN_OBJC_LITERAL_CONVERSION = YES;
				CLANG_WARN_OBJC_ROOT_CLASS = YES_ERROR;
				CLANG_WARN_QUOTED_INCLUDE_IN_FRAMEWORK_HEADER = YES;
				CLANG_WARN_RANGE_LOOP_ANALYSIS = YES;
				CLANG_WARN_STRICT_PROTOTYPES = YES;
				CLANG_WARN_SUSPICIOUS_MOVE = YES;
				CLANG_WARN_UNGUARDED_AVAILABILITY = YES_AGGRESSIVE;
				CLANG_WARN_UNREACHABLE_CODE = YES;
				CLANG_WARN__DUPLICATE_METHOD_MATCH = YES;
				COPY_PHASE_STRIP = NO;
				DEBUG_INFORMATION_FORMAT = "dwarf-with-dsym";
				DEVELOPMENT_TEAM = AMNS6W2AA9;
				ENABLE_NS_ASSERTIONS = NO;
				ENABLE_STRICT_OBJC_MSGSEND = YES;
				ENABLE_USER_SCRIPT_SANDBOXING = YES;
				GCC_C_LANGUAGE_STANDARD = gnu17;
				GCC_NO_COMMON_BLOCKS = YES;
				GCC_WARN_64_TO_32_BIT_CONVERSION = YES;
				GCC_WARN_ABOUT_RETURN_TYPE = YES_ERROR;
				GCC_WARN_UNDECLARED_SELECTOR = YES;
				GCC_WARN_UNINITIALIZED_AUTOS = YES_AGGRESSIVE;
				GCC_WARN_UNUSED_FUNCTION = YES;
				GCC_WARN_UNUSED_VARIABLE = YES;
				IPHONEOS_DEPLOYMENT_TARGET = 16.0;
				LOCALIZATION_PREFERS_STRING_CATALOGS = YES;
				MTL_ENABLE_DEBUG_INFO = NO;
				MTL_FAST_MATH = YES;
				SDKROOT = iphoneos;
				SWIFT_COMPILATION_MODE = wholemodule;
				VALIDATE_PRODUCT = YES;
			};
			name = Release;
		};
		9B8605792F125AD20021EC15 /* Debug */ = {
			isa = XCBuildConfiguration;
			buildSettings = {
				ASSETCATALOG_COMPILER_APPICON_NAME = AppIcon;
				ASSETCATALOG_COMPILER_GLOBAL_ACCENT_COLOR_NAME = AccentColor;
				CODE_SIGN_STYLE = Automatic;
				CURRENT_PROJECT_VERSION = 1;
				DEVELOPMENT_TEAM = AMNS6W2AA9;
				ENABLE_PREVIEWS = YES;
				GENERATE_INFOPLIST_FILE = YES;
				INFOPLIST_KEY_UIApplicationSceneManifest_Generation = YES;
				INFOPLIST_KEY_UIApplicationSupportsIndirectInputEvents = YES;
				INFOPLIST_KEY_UILaunchScreen_Generation = YES;
				INFOPLIST_KEY_UISupportedInterfaceOrientations_iPad = "UIInterfaceOrientationPortrait UIInterfaceOrientationPortraitUpsideDown UIInterfaceOrientationLandscapeLeft UIInterfaceOrientationLandscapeRight";
				INFOPLIST_KEY_UISupportedInterfaceOrientations_iPhone = "UIInterfaceOrientationPortrait UIInterfaceOrientationLandscapeLeft UIInterfaceOrientationLandscapeRight";
				LD_RUNPATH_SEARCH_PATHS = (
					"$(inherited)",
					"@executable_path/Frameworks",
				);
				MARKETING_VERSION = 1.0;
				PRODUCT_BUNDLE_IDENTIFIER = kr.co.lee.LocalBusApp;
				PRODUCT_NAME = "$(TARGET_NAME)";
				SWIFT_EMIT_LOC_STRINGS = YES;
				SWIFT_VERSION = 5.0;
				TARGETED_DEVICE_FAMILY = "1,2";
			};
			name = Debug;
		};
		9B86057A2F125AD20021EC15 /* Release */ = {
			isa = XCBuildConfiguration;
			buildSettings = {
				ASSETCATALOG_COMPILER_APPICON_NAME = AppIcon;
				ASSETCATALOG_COMPILER_GLOBAL_ACCENT_COLOR_NAME = AccentColor;
				CODE_SIGN_STYLE = Automatic;
				CURRENT_PROJECT_VERSION = 1;
				DEVELOPMENT_TEAM = AMNS6W2AA9;
				ENABLE_PREVIEWS = YES;
				GENERATE_INFOPLIST_FILE = YES;
				INFOPLIST_KEY_UIApplicationSceneManifest_Generation = YES;
				INFOPLIST_KEY_UIApplicationSupportsIndirectInputEvents = YES;
				INFOPLIST_KEY_UILaunchScreen_Generation = YES;
				INFOPLIST_KEY_UISupportedInterfaceOrientations_iPad = "UIInterfaceOrientationPortrait UIInterfaceOrientationPortraitUpsideDown UIInterfaceOrientationLandscapeLeft UIInterfaceOrientationLandscapeRight";
				INFOPLIST_KEY_UISupportedInterfaceOrientations_iPhone = "UIInterfaceOrientationPortrait UIInterfaceOrientationLandscapeLeft UIInterfaceOrientationLandscapeRight";
				LD_RUNPATH_SEARCH_PATHS = (
					"$(inherited)",
					"@executable_path/Frameworks",
				);
				MARKETING_VERSION = 1.0;
				PRODUCT_BUNDLE_IDENTIFIER = kr.co.lee.LocalBusApp;
				PRODUCT_NAME = "$(TARGET_NAME)";
				SWIFT_EMIT_LOC_STRINGS = YES;
				SWIFT_VERSION = 5.0;
				TARGETED_DEVICE_FAMILY = "1,2";
			};
			name = Release;
		};
		9BC0DE582F2001000000000A /* Debug */ = {
			isa = XCBuildConfiguration;
			buildSettings = {
				CODE_SIGN_STYLE = Automatic;
				CURRENT_PROJECT_VERSION = 1;
				DEVELOPMENT_TEAM = AMNS6W2AA9;
				GENERATE_INFOPLIST_FILE = YES;
				IPHONEOS_DEPLOYMENT_TARGET = 18.5;
				MARKETING_VERSION = 1.0;
				PRODUCT_BUNDLE_IDENTIFIER = kr.co.lee.LocalBusAppUITests;
				PRODUCT_NAME = "$(TARGET_NAME)";
				SWIFT_EMIT_LOC_STRINGS = NO;
				SWIFT_VERSION = 5.0;
				TARGETED_DEVICE_FAMILY = "1,2";
				TEST_TARGET_NAME = LocalBusApp;
			};
			name = Debug;
		};
		9BC0DE592F2001000000000B /* Release */ = {
			isa = XCBuildConfiguration;
			buildSettings = {
				CODE_SIGN_STYLE = Automatic;
				CURRENT_PROJECT_VERSION = 1;
				DEVELOPMENT_TEAM = AMNS6W2AA9;
				GENERATE_INFOPLIST_FILE = YES;
				IPHONEOS_DEPLOYMENT_TARGET = 18.5;
				MARKETING_VERSION = 1.0;
				PRODUCT_BUNDLE_IDENTIFIER = kr.co.lee.LocalBusAppUITests;
				PRODUCT_NAME = "$(TARGET_NAME)";
				SWIFT_EMIT_LOC_STRINGS = NO;
				SWIFT_VERSION = 5.0;
				TARGETED_DEVICE_FAMILY = "1,2";
				TEST_TARGET_NAME = LocalBusApp;
			};
			name = Release;
		};
/* End XCBuildConfiguration section */

/* Begin XCConfigurationList section */
		9B44DB232F1FAF4900F7AC27 /* Build configuration list for PBXNativeTarget "LocalBusWidgetExtension" */ = {
			isa = XCConfigurationList;
			buildConfigurations = (
				9B44DB242F1FAF4900F7AC27 /* Debug */,
				9B44DB252F1FAF4900F7AC27 /* Release */,
			);
			defaultConfigurationIsVisible = 0;
			defaultConfigurationName = Release;
		};
		9B6B774A2F171CDD00F06192 /* Build configuration list for PBXNativeTarget "LocalBusAppTests" */ = {
			isa = XCConfigurationList;
			buildConfigurations = (
				9B6B774B2F171CDD00F06192 /* Debug */,
				9B6B774C2F171CDD00F06192 /* Release */,
			);
			defaultConfigurationIsVisible = 0;
			defaultConfigurationName = Release;
		};
		9B8605682F125AD00021EC15 /* Build configuration list for PBXProject "LocalBusApp" */ = {
			isa = XCConfigurationList;
			buildConfigurations = (
				9B8605762F125AD20021EC15 /* Debug */,
				9B8605772F125AD20021EC15 /* Release */,
			);
			defaultConfigurationIsVisible = 0;
			defaultConfigurationName = Release;
		};
		9B8605782F125AD20021EC15 /* Build configuration list for PBXNativeTarget "LocalBusApp" */ = {
			isa = XCConfigurationList;
			buildConfigurations = (
				9B8605792F125AD20021EC15 /* Debug */,
				9B86057A2F125AD20021EC15 /* Release */,
			);
			defaultConfigurationIsVisible = 0;
			defaultConfigurationName = Release;
		};
		9BC0DE5A2F20010000000009 /* Build configuration list for PBXNativeTarget "LocalBusAppUITests" */ = {
			isa = XCConfigurationList;
			buildConfigurations = (
				9BC0DE582F2001000000000A /* Debug */,
				9BC0DE592F2001000000000B /* Release */,
			);
			defaultConfigurationIsVisible = 0;
			defaultConfigurationName = Release;
		};
/* End XCConfigurationList section */
	};
	rootObject = 9B8605652F125AD00021EC15 /* Project object */;
}
